
Microsoft Visual Studio Solution File, Format Version 12.00
# Visual Studio Version 17
VisualStudioVersion = 17.7.34221.43
MinimumVisualStudioVersion = 10.0.40219.1
Project("{FAE04EC0-301F-11D3-BF4B-00C04F79EFBC}") = "CyberWebSystem", "CyberWebSystem\CyberWebSystem.csproj", "{7999F029-45E7-441A-A4D3-2445A78E0C7F}"
EndProject
Global
	GlobalSection(SolutionConfigurationPlatforms) = preSolution
		Debug|Any CPU = Debug|Any CPU
		Release|Any CPU = Release|Any CPU
	EndGlobalSection
	GlobalSection(ProjectConfigurationPlatforms) = postSolution
		{7999F029-45E7-441A-A4D3-2445A78E0C7F}.Debug|Any CPU.ActiveCfg = Debug|Any CPU
		{7999F029-45E7-441A-A4D3-2445A78E0C7F}.Debug|Any CPU.Build.0 = Debug|Any CPU
		{7999F029-45E7-441A-A4D3-2445A78E0C7F}.Release|Any CPU.ActiveCfg = Release|Any CPU
		{7999F029-45E7-441A-A4D3-2445A78E0C7F}.Release|Any CPU.Build.0 = Release|Any CPU
	EndGlobalSection
	GlobalSection(SolutionProperties) = preSolution
		HideSolutionNode = FALSE
	EndGlobalSection
	GlobalSection(ExtensibilityGlobals) = postSolution
		SolutionGuid = {F82B80E3-B643-4633-9E24-5FAE9B980FBF}
	EndGlobalSection
EndGlobal
