{
  "name": "@fortawesome/fontawesome-free",
  "version": "6.5.1",
  "lockfileVersion": 2,
  "requires": true,
  "packages": {
    "": {
      "name": "@fortawesome/fontawesome-free",
      "version": "6.5.1",
      "hasInstallScript": true,
      "license": "(CC-BY-4.0 AND OFL-1.1 AND MIT)",
      "engines": {
        "node": ">=6"
      }
    }
  }
}
